# THIS IS AN AUTOGENERATED FILE. DO NOT EDIT THIS FILE DIRECTLY.
# yarn lockfile v1


email@^0.2.6:
  version "0.2.6"
  resolved "https://registry.yarnpkg.com/email/-/email-0.2.6.tgz#96c538cf4a8a23db8bd2af7156c7b968f39abc4c"
  integrity sha512-SwN1r7cKBBOQMHHM5Poc81Ke/1cWVoSRdE5ineUXIHi+o2zZ68Q/9dsZf+CQuROb1IZIPmWSR2AKhyYZr+Jw9Q==
